{
  "name": "foo2",
  "version": "1.0.0",
  "lockfileVersion": 2,
  "requires": true,
  "packages": {
    "": {
      "name": "foo2",
      "version": "1.0.0",
      "license": "ISC",
      "dependencies": {
        "@managedkaos/simple-javascript-function": "^1.0.4"
      }
    },
    "node_modules/@managedkaos/simple-javascript-function": {
      "version": "1.0.4",
      "resolved": "https://npm.pkg.github.com/download/@managedkaos/simple-javascript-function/1.0.4/e4973e78be8ac746a9b7e6acf20d38d79b6b23fa6219f0dbb2a37d684848edfc",
      "integrity": "sha512-9j/NPTUIX2UYE3vaGd6zlgEtgKqhPVX563QkSYFLZC3x/ugsywey2fWFciQA0ZEtZdtpkT4HKIo1jP1YJXFetg==",
      "license": "ISC"
    }
  },
  "dependencies": {
    "@managedkaos/simple-javascript-function": {
      "version": "1.0.4",
      "resolved": "https://npm.pkg.github.com/download/@managedkaos/simple-javascript-function/1.0.4/e4973e78be8ac746a9b7e6acf20d38d79b6b23fa6219f0dbb2a37d684848edfc",
      "integrity": "sha512-9j/NPTUIX2UYE3vaGd6zlgEtgKqhPVX563QkSYFLZC3x/ugsywey2fWFciQA0ZEtZdtpkT4HKIo1jP1YJXFetg=="
    }
  }
}
