{
  "name": "foo2",
  "version": "1.0.0",
  "lockfileVersion": 2,
  "requires": true,
  "packages": {
    "": {
      "name": "foo2",
      "version": "1.0.0",
      "license": "ISC",
      "dependencies": {
        "@managedkaos/simple-javascript-function": "^1.0.2"
      }
    },
    "node_modules/@managedkaos/simple-javascript-function": {
      "version": "1.0.2",
      "resolved": "https://npm.pkg.github.com/download/@managedkaos/simple-javascript-function/1.0.2/c040c5763d16618fea964736edf74dcba5dfcc88016671275b3d7afdcf08d79c",
      "integrity": "sha512-fjtnLL2QzGYlb40vd2Rja0MPlpAsy9WFhg/XhRZdQRuGLTi5D817QrWYV3SfZiOgpab8jedgagPekzavsTmqQw==",
      "license": "ISC"
    }
  },
  "dependencies": {
    "@managedkaos/simple-javascript-function": {
      "version": "1.0.2",
      "resolved": "https://npm.pkg.github.com/download/@managedkaos/simple-javascript-function/1.0.2/c040c5763d16618fea964736edf74dcba5dfcc88016671275b3d7afdcf08d79c",
      "integrity": "sha512-fjtnLL2QzGYlb40vd2Rja0MPlpAsy9WFhg/XhRZdQRuGLTi5D817QrWYV3SfZiOgpab8jedgagPekzavsTmqQw=="
    }
  }
}
