{
  "name": "foo2",
  "version": "1.0.0",
  "lockfileVersion": 2,
  "requires": true,
  "packages": {
    "": {
      "name": "foo2",
      "version": "1.0.0",
      "license": "ISC",
      "dependencies": {
        "@managedkaos/simple-javascript-function": "^1.0.3"
      }
    },
    "node_modules/@managedkaos/simple-javascript-function": {
      "version": "1.0.3",
      "resolved": "https://npm.pkg.github.com/download/@managedkaos/simple-javascript-function/1.0.3/dcfe9cc6f25a1df2f292c6e8b8a2dc5f7bc2511025be9564ec2edb4a0426ac93",
      "integrity": "sha512-B4MTXPvO7gsCTVTaE5FPVGzcE/lGudy31tBg/DSeQQZO7Ls+15HFapTfwo4XLDgJBq89jv0cbw3mEbk1WXOHsA==",
      "license": "ISC"
    }
  },
  "dependencies": {
    "@managedkaos/simple-javascript-function": {
      "version": "1.0.3",
      "resolved": "https://npm.pkg.github.com/download/@managedkaos/simple-javascript-function/1.0.3/dcfe9cc6f25a1df2f292c6e8b8a2dc5f7bc2511025be9564ec2edb4a0426ac93",
      "integrity": "sha512-B4MTXPvO7gsCTVTaE5FPVGzcE/lGudy31tBg/DSeQQZO7Ls+15HFapTfwo4XLDgJBq89jv0cbw3mEbk1WXOHsA=="
    }
  }
}
